PODS:
  - iOS-GPX-Framework (0.0.2):
    - TBXML (~> 1.5)
  - TBXML (1.5)

DEPENDENCIES:
  - iOS-GPX-Framework (= 0.0.2)
  - TBXML (from `https://gist.githubusercontent.com/FlickerSoul/fe931f9960d5a8a271c1d283fa8a645f/raw/32fe69a687cb5c4f555aa99876047ddfbc0c6351/TBXML.podspec`)

SPEC REPOS:
  trunk:
    - iOS-GPX-Framework

EXTERNAL SOURCES:
  TBXML:
    :podspec: https://gist.githubusercontent.com/FlickerSoul/fe931f9960d5a8a271c1d283fa8a645f/raw/32fe69a687cb5c4f555aa99876047ddfbc0c6351/TBXML.podspec

SPEC CHECKSUMS:
  iOS-GPX-Framework: f6d50c6664a1747746b73da6899b1fc9a1f81ff6
  TBXML: f69011317552c37bf79a0933728365739bb31973

PODFILE CHECKSUM: 5fd999533169c0ac6f2d47bdf0ad27941f585f2f

COCOAPODS: 1.11.3
